<?xml version="1.0" encoding="utf-8"?>
<Project ToolsVersion="4.0" xmlns="http://schemas.microsoft.com/developer/msbuild/2003">
  <ItemGroup>
    <Filter Include="源文件">
      <UniqueIdentifier>{4FC737F1-C7A5-4376-A066-2A32D752A2FF}</UniqueIdentifier>
      <Extensions>cpp;c;cc;cxx;c++;cppm;ixx;def;odl;idl;hpj;bat;asm;asmx</Extensions>
    </Filter>
    <Filter Include="头文件">
      <UniqueIdentifier>{93995380-89BD-4b04-88EB-625FBE52EBFB}</UniqueIdentifier>
      <Extensions>h;hh;hpp;hxx;h++;hm;inl;inc;ipp;xsd</Extensions>
    </Filter>
    <Filter Include="资源文件">
      <UniqueIdentifier>{67DA6AB6-F800-4c08-8B7A-83BB121AAD01}</UniqueIdentifier>
      <Extensions>rc;ico;cur;bmp;dlg;rc2;rct;bin;rgs;gif;jpg;jpeg;jpe;resx;tiff;tif;png;wav;mfcribbon-ms</Extensions>
    </Filter>
  </ItemGroup>
  <ItemGroup>
    <ClCompile Include="..\glad\src\glad.c">
      <Filter>源文件</Filter>
    </ClCompile>
    <ClCompile Include="test.cpp">
      <Filter>源文件</Filter>
    </ClCompile>
    <ClCompile Include="drawTriangle.cpp">
      <Filter>源文件</Filter>
    </ClCompile>
    <ClCompile Include="shaders.cpp">
      <Filter>源文件</Filter>
    </ClCompile>
    <ClCompile Include="vertexShader.cpp">
      <Filter>源文件</Filter>
    </ClCompile>
    <ClCompile Include="fragmentShader.cpp">
      <Filter>源文件</Filter>
    </ClCompile>
    <ClCompile Include="callBackGroup.cpp">
      <Filter>源文件</Filter>
    </ClCompile>
    <ClCompile Include="preccessImage.cpp">
      <Filter>源文件</Filter>
    </ClCompile>
    <ClCompile Include="newDraw.cpp">
      <Filter>源文件</Filter>
    </ClCompile>
    <ClCompile Include="Resource\obj_operation.cpp">
      <Filter>源文件</Filter>
    </ClCompile>
  </ItemGroup>
  <ItemGroup>
    <ClInclude Include="drawTriangle.h">
      <Filter>头文件</Filter>
    </ClInclude>
    <ClInclude Include="shaders.h">
      <Filter>头文件</Filter>
    </ClInclude>
    <ClInclude Include="fragmentShader.h">
      <Filter>头文件</Filter>
    </ClInclude>
    <ClInclude Include="vertexShader.h">
      <Filter>头文件</Filter>
    </ClInclude>
    <ClInclude Include="callBackGroup.h">
      <Filter>头文件</Filter>
    </ClInclude>
    <ClInclude Include="precessImage.h">
      <Filter>头文件</Filter>
    </ClInclude>
    <ClInclude Include="..\source\include\stb_image.h">
      <Filter>头文件</Filter>
    </ClInclude>
    <ClInclude Include="newDraw.h">
      <Filter>头文件</Filter>
    </ClInclude>
    <ClInclude Include="Resource\obj_operation.h">
      <Filter>头文件</Filter>
    </ClInclude>
  </ItemGroup>
  <ItemGroup>
    <Image Include="..\..\container.jpg">
      <Filter>资源文件</Filter>
    </Image>
  </ItemGroup>
</Project>